
Microsoft Visual Studio Solution File, Format Version 12.00
Project("{FAE04EC0-301F-11D3-BF4B-00C04F79EFBC}") = "PercentageRoundsRefactor", "PercentageRoundsRefactor\PercentageRoundsRefactor.csproj", "{AB71720D-5884-4E60-B918-6A2B4BB10013}"
EndProject
Global
	GlobalSection(SolutionConfigurationPlatforms) = preSolution
		Debug|Any CPU = Debug|Any CPU
		Release|Any CPU = Release|Any CPU
	EndGlobalSection
	GlobalSection(ProjectConfigurationPlatforms) = postSolution
		{AB71720D-5884-4E60-B918-6A2B4BB10013}.Debug|Any CPU.ActiveCfg = Debug|Any CPU
		{AB71720D-5884-4E60-B918-6A2B4BB10013}.Debug|Any CPU.Build.0 = Debug|Any CPU
		{AB71720D-5884-4E60-B918-6A2B4BB10013}.Release|Any CPU.ActiveCfg = Release|Any CPU
		{AB71720D-5884-4E60-B918-6A2B4BB10013}.Release|Any CPU.Build.0 = Release|Any CPU
	EndGlobalSection
EndGlobal
